// !$*UTF8*$!
{
	archiveVersion = 1;
	classes = {
	};
	objectVersion = 60;
	objects = {

/* Begin PBXBuildFile section */
		63826D1F2D7342550074CDDE /* RickAndMortyApp.swift in Sources */ = {isa = PBXBuildFile; fileRef = 63826D1E2D7342550074CDDE /* RickAndMortyApp.swift */; };
		63826D232D7342560074CDDE /* Assets.xcassets in Resources */ = {isa = PBXBuildFile; fileRef = 63826D222D7342560074CDDE /* Assets.xcassets */; };
		63826D272D7342560074CDDE /* Preview Assets.xcassets in Resources */ = {isa = PBXBuildFile; fileRef = 63826D262D7342560074CDDE /* Preview Assets.xcassets */; };
		63826D2F2D73460D0074CDDE /* CharacterListView.swift in Sources */ = {isa = PBXBuildFile; fileRef = 63826D2E2D73460D0074CDDE /* CharacterListView.swift */; };
		63826D322D7346B40074CDDE /* CharacterListViewModel.swift in Sources */ = {isa = PBXBuildFile; fileRef = 63826D312D7346B40074CDDE /* CharacterListViewModel.swift */; };
		63826D342D7346DC0074CDDE /* CharacterDetailView.swift in Sources */ = {isa = PBXBuildFile; fileRef = 63826D332D7346DC0074CDDE /* CharacterDetailView.swift */; };
		63826D372D7347190074CDDE /* CharacterCardView.swift in Sources */ = {isa = PBXBuildFile; fileRef = 63826D362D7347190074CDDE /* CharacterCardView.swift */; };
		63826D392D73473D0074CDDE /* CharacterCardViewRepresentable.swift in Sources */ = {isa = PBXBuildFile; fileRef = 63826D382D73473D0074CDDE /* CharacterCardViewRepresentable.swift */; };
		63826D442D734B2D0074CDDE /* RickAndMortyAppTests.swift in Sources */ = {isa = PBXBuildFile; fileRef = 63826D432D734B2D0074CDDE /* RickAndMortyAppTests.swift */; };
		63826D4B2D734B790074CDDE /* CharacterListViewModelTests.swift in Sources */ = {isa = PBXBuildFile; fileRef = 63826D4A2D734B790074CDDE /* CharacterListViewModelTests.swift */; };
		63826D502D734D5B0074CDDE /* CharacterKit in Frameworks */ = {isa = PBXBuildFile; productRef = 63826D4F2D734D5B0074CDDE /* CharacterKit */; };
		63826D532D734F150074CDDE /* CharacterKit in Frameworks */ = {isa = PBXBuildFile; productRef = 63826D522D734F150074CDDE /* CharacterKit */; };
/* End PBXBuildFile section */

/* Begin PBXContainerItemProxy section */
		63826D452D734B2D0074CDDE /* PBXContainerItemProxy */ = {
			isa = PBXContainerItemProxy;
			containerPortal = 63826D132D7342550074CDDE /* Project object */;
			proxyType = 1;
			remoteGlobalIDString = 63826D1A2D7342550074CDDE;
			remoteInfo = RickAndMortyApp;
		};
/* End PBXContainerItemProxy section */

/* Begin PBXFileReference section */
		63826D1B2D7342550074CDDE /* RickAndMortyApp.app */ = {isa = PBXFileReference; explicitFileType = wrapper.application; includeInIndex = 0; path = RickAndMortyApp.app; sourceTree = BUILT_PRODUCTS_DIR; };
		63826D1E2D7342550074CDDE /* RickAndMortyApp.swift */ = {isa = PBXFileReference; lastKnownFileType = sourcecode.swift; path = RickAndMortyApp.swift; sourceTree = "<group>"; };
		63826D222D7342560074CDDE /* Assets.xcassets */ = {isa = PBXFileReference; lastKnownFileType = folder.assetcatalog; path = Assets.xcassets; sourceTree = "<group>"; };
		63826D242D7342560074CDDE /* RickAndMortyApp.entitlements */ = {isa = PBXFileReference; lastKnownFileType = text.plist.entitlements; path = RickAndMortyApp.entitlements; sourceTree = "<group>"; };
		63826D262D7342560074CDDE /* Preview Assets.xcassets */ = {isa = PBXFileReference; lastKnownFileType = folder.assetcatalog; path = "Preview Assets.xcassets"; sourceTree = "<group>"; };
		63826D2E2D73460D0074CDDE /* CharacterListView.swift */ = {isa = PBXFileReference; lastKnownFileType = sourcecode.swift; path = CharacterListView.swift; sourceTree = "<group>"; };
		63826D312D7346B40074CDDE /* CharacterListViewModel.swift */ = {isa = PBXFileReference; lastKnownFileType = sourcecode.swift; path = CharacterListViewModel.swift; sourceTree = "<group>"; };
		63826D332D7346DC0074CDDE /* CharacterDetailView.swift */ = {isa = PBXFileReference; lastKnownFileType = sourcecode.swift; path = CharacterDetailView.swift; sourceTree = "<group>"; };
		63826D362D7347190074CDDE /* CharacterCardView.swift */ = {isa = PBXFileReference; lastKnownFileType = sourcecode.swift; path = CharacterCardView.swift; sourceTree = "<group>"; };
		63826D382D73473D0074CDDE /* CharacterCardViewRepresentable.swift */ = {isa = PBXFileReference; lastKnownFileType = sourcecode.swift; path = CharacterCardViewRepresentable.swift; sourceTree = "<group>"; };
		63826D412D734B2D0074CDDE /* RickAndMortyAppTests.xctest */ = {isa = PBXFileReference; explicitFileType = wrapper.cfbundle; includeInIndex = 0; path = RickAndMortyAppTests.xctest; sourceTree = BUILT_PRODUCTS_DIR; };
		63826D432D734B2D0074CDDE /* RickAndMortyAppTests.swift */ = {isa = PBXFileReference; lastKnownFileType = sourcecode.swift; path = RickAndMortyAppTests.swift; sourceTree = "<group>"; };
		63826D4A2D734B790074CDDE /* CharacterListViewModelTests.swift */ = {isa = PBXFileReference; lastKnownFileType = sourcecode.swift; path = CharacterListViewModelTests.swift; sourceTree = "<group>"; };
/* End PBXFileReference section */

/* Begin PBXFrameworksBuildPhase section */
		63826D182D7342550074CDDE /* Frameworks */ = {
			isa = PBXFrameworksBuildPhase;
			buildActionMask = 2147483647;
			files = (
				63826D502D734D5B0074CDDE /* CharacterKit in Frameworks */,
				63826D532D734F150074CDDE /* CharacterKit in Frameworks */,
			);
			runOnlyForDeploymentPostprocessing = 0;
		};
		63826D3E2D734B2D0074CDDE /* Frameworks */ = {
			isa = PBXFrameworksBuildPhase;
			buildActionMask = 2147483647;
			files = (
			);
			runOnlyForDeploymentPostprocessing = 0;
		};
/* End PBXFrameworksBuildPhase section */

/* Begin PBXGroup section */
		63826D122D7342550074CDDE = {
			isa = PBXGroup;
			children = (
				63826D1D2D7342550074CDDE /* RickAndMortyApp */,
				63826D422D734B2D0074CDDE /* RickAndMortyAppTests */,
				63826D1C2D7342550074CDDE /* Products */,
			);
			sourceTree = "<group>";
		};
		63826D1C2D7342550074CDDE /* Products */ = {
			isa = PBXGroup;
			children = (
				63826D1B2D7342550074CDDE /* RickAndMortyApp.app */,
				63826D412D734B2D0074CDDE /* RickAndMortyAppTests.xctest */,
			);
			name = Products;
			sourceTree = "<group>";
		};
		63826D1D2D7342550074CDDE /* RickAndMortyApp */ = {
			isa = PBXGroup;
			children = (
				63826D352D73470D0074CDDE /* UIKit */,
				63826D302D7346A80074CDDE /* ViewModels */,
				63826D2D2D7346040074CDDE /* Views */,
				63826D1E2D7342550074CDDE /* RickAndMortyApp.swift */,
				63826D222D7342560074CDDE /* Assets.xcassets */,
				63826D242D7342560074CDDE /* RickAndMortyApp.entitlements */,
				63826D252D7342560074CDDE /* Preview Content */,
			);
			path = RickAndMortyApp;
			sourceTree = "<group>";
		};
		63826D252D7342560074CDDE /* Preview Content */ = {
			isa = PBXGroup;
			children = (
				63826D262D7342560074CDDE /* Preview Assets.xcassets */,
			);
			path = "Preview Content";
			sourceTree = "<group>";
		};
		63826D2D2D7346040074CDDE /* Views */ = {
			isa = PBXGroup;
			children = (
				63826D2E2D73460D0074CDDE /* CharacterListView.swift */,
				63826D332D7346DC0074CDDE /* CharacterDetailView.swift */,
			);
			path = Views;
			sourceTree = "<group>";
		};
		63826D302D7346A80074CDDE /* ViewModels */ = {
			isa = PBXGroup;
			children = (
				63826D312D7346B40074CDDE /* CharacterListViewModel.swift */,
			);
			path = ViewModels;
			sourceTree = "<group>";
		};
		63826D352D73470D0074CDDE /* UIKit */ = {
			isa = PBXGroup;
			children = (
				63826D362D7347190074CDDE /* CharacterCardView.swift */,
				63826D382D73473D0074CDDE /* CharacterCardViewRepresentable.swift */,
			);
			path = UIKit;
			sourceTree = "<group>";
		};
		63826D422D734B2D0074CDDE /* RickAndMortyAppTests */ = {
			isa = PBXGroup;
			children = (
				63826D432D734B2D0074CDDE /* RickAndMortyAppTests.swift */,
				63826D4A2D734B790074CDDE /* CharacterListViewModelTests.swift */,
			);
			path = RickAndMortyAppTests;
			sourceTree = "<group>";
		};
/* End PBXGroup section */

/* Begin PBXNativeTarget section */
		63826D1A2D7342550074CDDE /* RickAndMortyApp */ = {
			isa = PBXNativeTarget;
			buildConfigurationList = 63826D2A2D7342560074CDDE /* Build configuration list for PBXNativeTarget "RickAndMortyApp" */;
			buildPhases = (
				63826D172D7342550074CDDE /* Sources */,
				63826D182D7342550074CDDE /* Frameworks */,
				63826D192D7342550074CDDE /* Resources */,
			);
			buildRules = (
			);
			dependencies = (
			);
			name = RickAndMortyApp;
			packageProductDependencies = (
				63826D4F2D734D5B0074CDDE /* CharacterKit */,
				63826D522D734F150074CDDE /* CharacterKit */,
			);
			productName = RickAndMortyApp;
			productReference = 63826D1B2D7342550074CDDE /* RickAndMortyApp.app */;
			productType = "com.apple.product-type.application";
		};
		63826D402D734B2D0074CDDE /* RickAndMortyAppTests */ = {
			isa = PBXNativeTarget;
			buildConfigurationList = 63826D472D734B2D0074CDDE /* Build configuration list for PBXNativeTarget "RickAndMortyAppTests" */;
			buildPhases = (
				63826D3D2D734B2D0074CDDE /* Sources */,
				63826D3E2D734B2D0074CDDE /* Frameworks */,
				63826D3F2D734B2D0074CDDE /* Resources */,
			);
			buildRules = (
			);
			dependencies = (
				63826D462D734B2D0074CDDE /* PBXTargetDependency */,
			);
			name = RickAndMortyAppTests;
			productName = RickAndMortyAppTests;
			productReference = 63826D412D734B2D0074CDDE /* RickAndMortyAppTests.xctest */;
			productType = "com.apple.product-type.bundle.unit-test";
		};
/* End PBXNativeTarget section */

/* Begin PBXProject section */
		63826D132D7342550074CDDE /* Project object */ = {
			isa = PBXProject;
			attributes = {
				BuildIndependentTargetsInParallel = 1;
				LastSwiftUpdateCheck = 1530;
				LastUpgradeCheck = 1530;
				TargetAttributes = {
					63826D1A2D7342550074CDDE = {
						CreatedOnToolsVersion = 15.3;
					};
					63826D402D734B2D0074CDDE = {
						CreatedOnToolsVersion = 15.3;
						TestTargetID = 63826D1A2D7342550074CDDE;
					};
				};
			};
			buildConfigurationList = 63826D162D7342550074CDDE /* Build configuration list for PBXProject "RickAndMortyApp" */;
			compatibilityVersion = "Xcode 14.0";
			developmentRegion = en;
			hasScannedForEncodings = 0;
			knownRegions = (
				en,
				Base,
			);
			mainGroup = 63826D122D7342550074CDDE;
			packageReferences = (
				63826D512D734F150074CDDE /* XCLocalSwiftPackageReference "../CharacterKit" */,
			);
			productRefGroup = 63826D1C2D7342550074CDDE /* Products */;
			projectDirPath = "";
			projectRoot = "";
			targets = (
				63826D1A2D7342550074CDDE /* RickAndMortyApp */,
				63826D402D734B2D0074CDDE /* RickAndMortyAppTests */,
			);
		};
/* End PBXProject section */

/* Begin PBXResourcesBuildPhase section */
		63826D192D7342550074CDDE /* Resources */ = {
			isa = PBXResourcesBuildPhase;
			buildActionMask = 2147483647;
			files = (
				63826D272D7342560074CDDE /* Preview Assets.xcassets in Resources */,
				63826D232D7342560074CDDE /* Assets.xcassets in Resources */,
			);
			runOnlyForDeploymentPostprocessing = 0;
		};
		63826D3F2D734B2D0074CDDE /* Resources */ = {
			isa = PBXResourcesBuildPhase;
			buildActionMask = 2147483647;
			files = (
			);
			runOnlyForDeploymentPostprocessing = 0;
		};
/* End PBXResourcesBuildPhase section */

/* Begin PBXSourcesBuildPhase section */
		63826D172D7342550074CDDE /* Sources */ = {
			isa = PBXSourcesBuildPhase;
			buildActionMask = 2147483647;
			files = (
				63826D372D7347190074CDDE /* CharacterCardView.swift in Sources */,
				63826D342D7346DC0074CDDE /* CharacterDetailView.swift in Sources */,
				63826D322D7346B40074CDDE /* CharacterListViewModel.swift in Sources */,
				63826D2F2D73460D0074CDDE /* CharacterListView.swift in Sources */,
				63826D392D73473D0074CDDE /* CharacterCardViewRepresentable.swift in Sources */,
				63826D1F2D7342550074CDDE /* RickAndMortyApp.swift in Sources */,
			);
			runOnlyForDeploymentPostprocessing = 0;
		};
		63826D3D2D734B2D0074CDDE /* Sources */ = {
			isa = PBXSourcesBuildPhase;
			buildActionMask = 2147483647;
			files = (
				63826D4B2D734B790074CDDE /* CharacterListViewModelTests.swift in Sources */,
				63826D442D734B2D0074CDDE /* RickAndMortyAppTests.swift in Sources */,
			);
			runOnlyForDeploymentPostprocessing = 0;
		};
/* End PBXSourcesBuildPhase section */

/* Begin PBXTargetDependency section */
		63826D462D734B2D0074CDDE /* PBXTargetDependency */ = {
			isa = PBXTargetDependency;
			target = 63826D1A2D7342550074CDDE /* RickAndMortyApp */;
			targetProxy = 63826D452D734B2D0074CDDE /* PBXContainerItemProxy */;
		};
/* End PBXTargetDependency section */

/* Begin XCBuildConfiguration section */
		63826D282D7342560074CDDE /* Debug */ = {
			isa = XCBuildConfiguration;
			buildSettings = {
				ALWAYS_SEARCH_USER_PATHS = NO;
				ASSETCATALOG_COMPILER_GENERATE_SWIFT_ASSET_SYMBOL_EXTENSIONS = YES;
				CLANG_ANALYZER_NONNULL = YES;
				CLANG_ANALYZER_NUMBER_OBJECT_CONVERSION = YES_AGGRESSIVE;
				CLANG_CXX_LANGUAGE_STANDARD = "gnu++20";
				CLANG_ENABLE_MODULES = YES;
				CLANG_ENABLE_OBJC_ARC = YES;
				CLANG_ENABLE_OBJC_WEAK = YES;
				CLANG_WARN_BLOCK_CAPTURE_AUTORELEASING = YES;
				CLANG_WARN_BOOL_CONVERSION = YES;
				CLANG_WARN_COMMA = YES;
				CLANG_WARN_CONSTANT_CONVERSION = YES;
				CLANG_WARN_DEPRECATED_OBJC_IMPLEMENTATIONS = YES;
				CLANG_WARN_DIRECT_OBJC_ISA_USAGE = YES_ERROR;
				CLANG_WARN_DOCUMENTATION_COMMENTS = YES;
				CLANG_WARN_EMPTY_BODY = YES;
				CLANG_WARN_ENUM_CONVERSION = YES;
				CLANG_WARN_INFINITE_RECURSION = YES;
				CLANG_WARN_INT_CONVERSION = YES;
				CLANG_WARN_NON_LITERAL_NULL_CONVERSION = YES;
				CLANG_WARN_OBJC_IMPLICIT_RETAIN_SELF = YES;
				CLANG_WARN_OBJC_LITERAL_CONVERSION = YES;
				CLANG_WARN_OBJC_ROOT_CLASS = YES_ERROR;
				CLANG_WARN_QUOTED_INCLUDE_IN_FRAMEWORK_HEADER = YES;
				CLANG_WARN_RANGE_LOOP_ANALYSIS = YES;
				CLANG_WARN_STRICT_PROTOTYPES = YES;
				CLANG_WARN_SUSPICIOUS_MOVE = YES;
				CLANG_WARN_UNGUARDED_AVAILABILITY = YES_AGGRESSIVE;
				CLANG_WARN_UNREACHABLE_CODE = YES;
				CLANG_WARN__DUPLICATE_METHOD_MATCH = YES;
				COPY_PHASE_STRIP = NO;
				DEBUG_INFORMATION_FORMAT = dwarf;
				ENABLE_STRICT_OBJC_MSGSEND = YES;
				ENABLE_TESTABILITY = YES;
				ENABLE_USER_SCRIPT_SANDBOXING = YES;
				GCC_C_LANGUAGE_STANDARD = gnu17;
				GCC_DYNAMIC_NO_PIC = NO;
				GCC_NO_COMMON_BLOCKS = YES;
				GCC_OPTIMIZATION_LEVEL = 0;
				GCC_PREPROCESSOR_DEFINITIONS = (
					"DEBUG=1",
					"$(inherited)",
				);
				GCC_WARN_64_TO_32_BIT_CONVERSION = YES;
				GCC_WARN_ABOUT_RETURN_TYPE = YES_ERROR;
				GCC_WARN_UNDECLARED_SELECTOR = YES;
				GCC_WARN_UNINITIALIZED_AUTOS = YES_AGGRESSIVE;
				GCC_WARN_UNUSED_FUNCTION = YES;
				GCC_WARN_UNUSED_VARIABLE = YES;
				LOCALIZATION_PREFERS_STRING_CATALOGS = YES;
				MTL_ENABLE_DEBUG_INFO = INCLUDE_SOURCE;
				MTL_FAST_MATH = YES;
				ONLY_ACTIVE_ARCH = YES;
				SWIFT_ACTIVE_COMPILATION_CONDITIONS = "DEBUG $(inherited)";
				SWIFT_OPTIMIZATION_LEVEL = "-Onone";
			};
			name = Debug;
		};
		63826D292D7342560074CDDE /* Release */ = {
			isa = XCBuildConfiguration;
			buildSettings = {
				ALWAYS_SEARCH_USER_PATHS = NO;
				ASSETCATALOG_COMPILER_GENERATE_SWIFT_ASSET_SYMBOL_EXTENSIONS = YES;
				CLANG_ANALYZER_NONNULL = YES;
				CLANG_ANALYZER_NUMBER_OBJECT_CONVERSION = YES_AGGRESSIVE;
				CLANG_CXX_LANGUAGE_STANDARD = "gnu++20";
				CLANG_ENABLE_MODULES = YES;
				CLANG_ENABLE_OBJC_ARC = YES;
				CLANG_ENABLE_OBJC_WEAK = YES;
				CLANG_WARN_BLOCK_CAPTURE_AUTORELEASING = YES;
				CLANG_WARN_BOOL_CONVERSION = YES;
				CLANG_WARN_COMMA = YES;
				CLANG_WARN_CONSTANT_CONVERSION = YES;
				CLANG_WARN_DEPRECATED_OBJC_IMPLEMENTATIONS = YES;
				CLANG_WARN_DIRECT_OBJC_ISA_USAGE = YES_ERROR;
				CLANG_WARN_DOCUMENTATION_COMMENTS = YES;
				CLANG_WARN_EMPTY_BODY = YES;
				CLANG_WARN_ENUM_CONVERSION = YES;
				CLANG_WARN_INFINITE_RECURSION = YES;
				CLANG_WARN_INT_CONVERSION = YES;
				CLANG_WARN_NON_LITERAL_NULL_CONVERSION = YES;
				CLANG_WARN_OBJC_IMPLICIT_RETAIN_SELF = YES;
				CLANG_WARN_OBJC_LITERAL_CONVERSION = YES;
				CLANG_WARN_OBJC_ROOT_CLASS = YES_ERROR;
				CLANG_WARN_QUOTED_INCLUDE_IN_FRAMEWORK_HEADER = YES;
				CLANG_WARN_RANGE_LOOP_ANALYSIS = YES;
				CLANG_WARN_STRICT_PROTOTYPES = YES;
				CLANG_WARN_SUSPICIOUS_MOVE = YES;
				CLANG_WARN_UNGUARDED_AVAILABILITY = YES_AGGRESSIVE;
				CLANG_WARN_UNREACHABLE_CODE = YES;
				CLANG_WARN__DUPLICATE_METHOD_MATCH = YES;
				COPY_PHASE_STRIP = NO;
				DEBUG_INFORMATION_FORMAT = "dwarf-with-dsym";
				ENABLE_NS_ASSERTIONS = NO;
				ENABLE_STRICT_OBJC_MSGSEND = YES;
				ENABLE_USER_SCRIPT_SANDBOXING = YES;
				GCC_C_LANGUAGE_STANDARD = gnu17;
				GCC_NO_COMMON_BLOCKS = YES;
				GCC_WARN_64_TO_32_BIT_CONVERSION = YES;
				GCC_WARN_ABOUT_RETURN_TYPE = YES_ERROR;
				GCC_WARN_UNDECLARED_SELECTOR = YES;
				GCC_WARN_UNINITIALIZED_AUTOS = YES_AGGRESSIVE;
				GCC_WARN_UNUSED_FUNCTION = YES;
				GCC_WARN_UNUSED_VARIABLE = YES;
				LOCALIZATION_PREFERS_STRING_CATALOGS = YES;
				MTL_ENABLE_DEBUG_INFO = NO;
				MTL_FAST_MATH = YES;
				SWIFT_COMPILATION_MODE = wholemodule;
			};
			name = Release;
		};
		63826D2B2D7342560074CDDE /* Debug */ = {
			isa = XCBuildConfiguration;
			buildSettings = {
				ASSETCATALOG_COMPILER_APPICON_NAME = AppIcon;
				ASSETCATALOG_COMPILER_GLOBAL_ACCENT_COLOR_NAME = AccentColor;
				CODE_SIGN_ENTITLEMENTS = RickAndMortyApp/RickAndMortyApp.entitlements;
				CODE_SIGN_STYLE = Automatic;
				CURRENT_PROJECT_VERSION = 1;
				DEVELOPMENT_ASSET_PATHS = "\"RickAndMortyApp/Preview Content\"";
				DEVELOPMENT_TEAM = L5KQK28X5U;
				ENABLE_HARDENED_RUNTIME = YES;
				ENABLE_PREVIEWS = YES;
				GENERATE_INFOPLIST_FILE = YES;
				"INFOPLIST_KEY_UIApplicationSceneManifest_Generation[sdk=iphoneos*]" = YES;
				"INFOPLIST_KEY_UIApplicationSceneManifest_Generation[sdk=iphonesimulator*]" = YES;
				"INFOPLIST_KEY_UIApplicationSupportsIndirectInputEvents[sdk=iphoneos*]" = YES;
				"INFOPLIST_KEY_UIApplicationSupportsIndirectInputEvents[sdk=iphonesimulator*]" = YES;
				"INFOPLIST_KEY_UILaunchScreen_Generation[sdk=iphoneos*]" = YES;
				"INFOPLIST_KEY_UILaunchScreen_Generation[sdk=iphonesimulator*]" = YES;
				"INFOPLIST_KEY_UIStatusBarStyle[sdk=iphoneos*]" = UIStatusBarStyleDefault;
				"INFOPLIST_KEY_UIStatusBarStyle[sdk=iphonesimulator*]" = UIStatusBarStyleDefault;
				INFOPLIST_KEY_UISupportedInterfaceOrientations_iPad = "UIInterfaceOrientationPortrait UIInterfaceOrientationPortraitUpsideDown UIInterfaceOrientationLandscapeLeft UIInterfaceOrientationLandscapeRight";
				INFOPLIST_KEY_UISupportedInterfaceOrientations_iPhone = "UIInterfaceOrientationPortrait UIInterfaceOrientationLandscapeLeft UIInterfaceOrientationLandscapeRight";
				IPHONEOS_DEPLOYMENT_TARGET = 17.4;
				LD_RUNPATH_SEARCH_PATHS = "@executable_path/Frameworks";
				"LD_RUNPATH_SEARCH_PATHS[sdk=macosx*]" = "@executable_path/../Frameworks";
				MACOSX_DEPLOYMENT_TARGET = 14.4;
				MARKETING_VERSION = 1.0;
				PRODUCT_BUNDLE_IDENTIFIER = com.tesleemamuda.RickAndMortyApp;
				PRODUCT_NAME = "$(TARGET_NAME)";
				SDKROOT = auto;
				SUPPORTED_PLATFORMS = "iphoneos iphonesimulator macosx";
				SWIFT_EMIT_LOC_STRINGS = YES;
				SWIFT_VERSION = 5.0;
				TARGETED_DEVICE_FAMILY = "1,2";
			};
			name = Debug;
		};
		63826D2C2D7342560074CDDE /* Release */ = {
			isa = XCBuildConfiguration;
			buildSettings = {
				ASSETCATALOG_COMPILER_APPICON_NAME = AppIcon;
				ASSETCATALOG_COMPILER_GLOBAL_ACCENT_COLOR_NAME = AccentColor;
				CODE_SIGN_ENTITLEMENTS = RickAndMortyApp/RickAndMortyApp.entitlements;
				CODE_SIGN_STYLE = Automatic;
				CURRENT_PROJECT_VERSION = 1;
				DEVELOPMENT_ASSET_PATHS = "\"RickAndMortyApp/Preview Content\"";
				DEVELOPMENT_TEAM = L5KQK28X5U;
				ENABLE_HARDENED_RUNTIME = YES;
				ENABLE_PREVIEWS = YES;
				GENERATE_INFOPLIST_FILE = YES;
				"INFOPLIST_KEY_UIApplicationSceneManifest_Generation[sdk=iphoneos*]" = YES;
				"INFOPLIST_KEY_UIApplicationSceneManifest_Generation[sdk=iphonesimulator*]" = YES;
				"INFOPLIST_KEY_UIApplicationSupportsIndirectInputEvents[sdk=iphoneos*]" = YES;
				"INFOPLIST_KEY_UIApplicationSupportsIndirectInputEvents[sdk=iphonesimulator*]" = YES;
				"INFOPLIST_KEY_UILaunchScreen_Generation[sdk=iphoneos*]" = YES;
				"INFOPLIST_KEY_UILaunchScreen_Generation[sdk=iphonesimulator*]" = YES;
				"INFOPLIST_KEY_UIStatusBarStyle[sdk=iphoneos*]" = UIStatusBarStyleDefault;
				"INFOPLIST_KEY_UIStatusBarStyle[sdk=iphonesimulator*]" = UIStatusBarStyleDefault;
				INFOPLIST_KEY_UISupportedInterfaceOrientations_iPad = "UIInterfaceOrientationPortrait UIInterfaceOrientationPortraitUpsideDown UIInterfaceOrientationLandscapeLeft UIInterfaceOrientationLandscapeRight";
				INFOPLIST_KEY_UISupportedInterfaceOrientations_iPhone = "UIInterfaceOrientationPortrait UIInterfaceOrientationLandscapeLeft UIInterfaceOrientationLandscapeRight";
				IPHONEOS_DEPLOYMENT_TARGET = 17.4;
				LD_RUNPATH_SEARCH_PATHS = "@executable_path/Frameworks";
				"LD_RUNPATH_SEARCH_PATHS[sdk=macosx*]" = "@executable_path/../Frameworks";
				MACOSX_DEPLOYMENT_TARGET = 14.4;
				MARKETING_VERSION = 1.0;
				PRODUCT_BUNDLE_IDENTIFIER = com.tesleemamuda.RickAndMortyApp;
				PRODUCT_NAME = "$(TARGET_NAME)";
				SDKROOT = auto;
				SUPPORTED_PLATFORMS = "iphoneos iphonesimulator macosx";
				SWIFT_EMIT_LOC_STRINGS = YES;
				SWIFT_VERSION = 5.0;
				TARGETED_DEVICE_FAMILY = "1,2";
			};
			name = Release;
		};
		63826D482D734B2D0074CDDE /* Debug */ = {
			isa = XCBuildConfiguration;
			buildSettings = {
				BUNDLE_LOADER = "$(TEST_HOST)";
				CODE_SIGN_STYLE = Automatic;
				CURRENT_PROJECT_VERSION = 1;
				DEVELOPMENT_TEAM = L5KQK28X5U;
				GENERATE_INFOPLIST_FILE = YES;
				IPHONEOS_DEPLOYMENT_TARGET = 17.4;
				MARKETING_VERSION = 1.0;
				PRODUCT_BUNDLE_IDENTIFIER = com.tesleemamuda.RickAndMortyAppTests;
				PRODUCT_NAME = "$(TARGET_NAME)";
				SDKROOT = iphoneos;
				SWIFT_EMIT_LOC_STRINGS = NO;
				SWIFT_VERSION = 5.0;
				TARGETED_DEVICE_FAMILY = "1,2";
				TEST_HOST = "$(BUILT_PRODUCTS_DIR)/RickAndMortyApp.app/$(BUNDLE_EXECUTABLE_FOLDER_PATH)/RickAndMortyApp";
			};
			name = Debug;
		};
		63826D492D734B2D0074CDDE /* Release */ = {
			isa = XCBuildConfiguration;
			buildSettings = {
				BUNDLE_LOADER = "$(TEST_HOST)";
				CODE_SIGN_STYLE = Automatic;
				CURRENT_PROJECT_VERSION = 1;
				DEVELOPMENT_TEAM = L5KQK28X5U;
				GENERATE_INFOPLIST_FILE = YES;
				IPHONEOS_DEPLOYMENT_TARGET = 17.4;
				MARKETING_VERSION = 1.0;
				PRODUCT_BUNDLE_IDENTIFIER = com.tesleemamuda.RickAndMortyAppTests;
				PRODUCT_NAME = "$(TARGET_NAME)";
				SDKROOT = iphoneos;
				SWIFT_EMIT_LOC_STRINGS = NO;
				SWIFT_VERSION = 5.0;
				TARGETED_DEVICE_FAMILY = "1,2";
				TEST_HOST = "$(BUILT_PRODUCTS_DIR)/RickAndMortyApp.app/$(BUNDLE_EXECUTABLE_FOLDER_PATH)/RickAndMortyApp";
				VALIDATE_PRODUCT = YES;
			};
			name = Release;
		};
/* End XCBuildConfiguration section */

/* Begin XCConfigurationList section */
		63826D162D7342550074CDDE /* Build configuration list for PBXProject "RickAndMortyApp" */ = {
			isa = XCConfigurationList;
			buildConfigurations = (
				63826D282D7342560074CDDE /* Debug */,
				63826D292D7342560074CDDE /* Release */,
			);
			defaultConfigurationIsVisible = 0;
			defaultConfigurationName = Release;
		};
		63826D2A2D7342560074CDDE /* Build configuration list for PBXNativeTarget "RickAndMortyApp" */ = {
			isa = XCConfigurationList;
			buildConfigurations = (
				63826D2B2D7342560074CDDE /* Debug */,
				63826D2C2D7342560074CDDE /* Release */,
			);
			defaultConfigurationIsVisible = 0;
			defaultConfigurationName = Release;
		};
		63826D472D734B2D0074CDDE /* Build configuration list for PBXNativeTarget "RickAndMortyAppTests" */ = {
			isa = XCConfigurationList;
			buildConfigurations = (
				63826D482D734B2D0074CDDE /* Debug */,
				63826D492D734B2D0074CDDE /* Release */,
			);
			defaultConfigurationIsVisible = 0;
			defaultConfigurationName = Release;
		};
/* End XCConfigurationList section */

/* Begin XCLocalSwiftPackageReference section */
		63826D512D734F150074CDDE /* XCLocalSwiftPackageReference "../CharacterKit" */ = {
			isa = XCLocalSwiftPackageReference;
			relativePath = ../CharacterKit;
		};
/* End XCLocalSwiftPackageReference section */

/* Begin XCSwiftPackageProductDependency section */
		63826D4F2D734D5B0074CDDE /* CharacterKit */ = {
			isa = XCSwiftPackageProductDependency;
			productName = CharacterKit;
		};
		63826D522D734F150074CDDE /* CharacterKit */ = {
			isa = XCSwiftPackageProductDependency;
			productName = CharacterKit;
		};
/* End XCSwiftPackageProductDependency section */
	};
	rootObject = 63826D132D7342550074CDDE /* Project object */;
}
